{
  "name": "synternet-price-pubsub",
  "version": "1.0.0",
  "lockfileVersion": 3,
  "requires": true,
  "packages": {
    "": {
      "name": "synternet-price-pubsub",
      "version": "1.0.0",
      "license": "ISC",
      "dependencies": {
        "dotenv": "^17.2.1",
        "pubsub-js": "^1.9.5"
      }
    },
    "node_modules/dotenv": {
      "version": "17.2.1",
      "resolved": "https://registry.npmjs.org/dotenv/-/dotenv-17.2.1.tgz",
      "integrity": "sha512-kQhDYKZecqnM0fCnzI5eIv5L4cAe/iRI+HqMbO/hbRdTAeXDG+M9FjipUxNfbARuEg4iHIbhnhs78BCHNbSxEQ==",
      "license": "BSD-2-Clause",
      "engines": {
        "node": ">=12"
      },
      "funding": {
        "url": "https://dotenvx.com"
      }
    },
    "node_modules/pubsub-js": {
      "version": "1.9.5",
      "resolved": "https://registry.npmjs.org/pubsub-js/-/pubsub-js-1.9.5.tgz",
      "integrity": "sha512-5MZ0I9i5JWVO7SizvOviKvZU2qaBbl2KQX150FAA+fJBwYpwOUId7aNygURWSdPzlsA/xZ/InUKXqBbzM0czTA==",
      "license": "MIT"
    }
  }
}
